
Microsoft Visual Studio Solution File, Format Version 12.00
# Visual Studio Version 17
VisualStudioVersion = 17.10.35013.160
MinimumVisualStudioVersion = 10.0.40219.1
Project("{9A19103F-16F7-4668-BE54-9A1E7A4F7556}") = "ProductDetails.Api", "src\ProductDetails.Api\ProductDetails.Api.csproj", "{DD1BD8AE-78C3-4F21-94EB-B0C3C7A0A3C8}"
EndProject
Project("{9A19103F-16F7-4668-BE54-9A1E7A4F7556}") = "ProductDetails.Consumer", "src\ProductDetails.Consumer\ProductDetails.Consumer.csproj", "{2E90C913-5966-45C9-8076-EDE28569C351}"
EndProject
Project("{2150E333-8FDC-42A3-9474-1A3956D46DE8}") = "src", "src", "{09C512EF-6172-4B40-92F4-0C82B278E70C}"
EndProject
Project("{2150E333-8FDC-42A3-9474-1A3956D46DE8}") = "tests", "tests", "{03BB154C-9C6C-47C1-907A-B8718B5026A0}"
EndProject
Global
	GlobalSection(SolutionConfigurationPlatforms) = preSolution
		Debug|Any CPU = Debug|Any CPU
		Release|Any CPU = Release|Any CPU
	EndGlobalSection
	GlobalSection(ProjectConfigurationPlatforms) = postSolution
		{DD1BD8AE-78C3-4F21-94EB-B0C3C7A0A3C8}.Debug|Any CPU.ActiveCfg = Debug|Any CPU
		{DD1BD8AE-78C3-4F21-94EB-B0C3C7A0A3C8}.Debug|Any CPU.Build.0 = Debug|Any CPU
		{DD1BD8AE-78C3-4F21-94EB-B0C3C7A0A3C8}.Release|Any CPU.ActiveCfg = Release|Any CPU
		{DD1BD8AE-78C3-4F21-94EB-B0C3C7A0A3C8}.Release|Any CPU.Build.0 = Release|Any CPU
		{2E90C913-5966-45C9-8076-EDE28569C351}.Debug|Any CPU.ActiveCfg = Debug|Any CPU
		{2E90C913-5966-45C9-8076-EDE28569C351}.Debug|Any CPU.Build.0 = Debug|Any CPU
		{2E90C913-5966-45C9-8076-EDE28569C351}.Release|Any CPU.ActiveCfg = Release|Any CPU
		{2E90C913-5966-45C9-8076-EDE28569C351}.Release|Any CPU.Build.0 = Release|Any CPU
	EndGlobalSection
	GlobalSection(SolutionProperties) = preSolution
		HideSolutionNode = FALSE
	EndGlobalSection
	GlobalSection(NestedProjects) = preSolution
		{DD1BD8AE-78C3-4F21-94EB-B0C3C7A0A3C8} = {09C512EF-6172-4B40-92F4-0C82B278E70C}
		{2E90C913-5966-45C9-8076-EDE28569C351} = {09C512EF-6172-4B40-92F4-0C82B278E70C}
	EndGlobalSection
	GlobalSection(ExtensibilityGlobals) = postSolution
		SolutionGuid = {F9B4CCCC-4827-45A0-A452-9B9D5B9029CC}
	EndGlobalSection
EndGlobal
